
Microsoft Visual Studio Solution File, Format Version 12.00
# Visual Studio Version 17
VisualStudioVersion = 17.7.34024.191
MinimumVisualStudioVersion = 10.0.40219.1
Project("{2150E333-8FDC-42A3-9474-1A3956D46DE8}") = "Template", "Template", "{6F124852-D948-4623-9FE4-4E55D6F7D012}"
EndProject
Project("{9A19103F-16F7-4668-BE54-9A1E7A4F7556}") = "ids", "Template\ids.csproj", "{3D3B5280-B684-4987-A4D1-73D795CA5DF9}"
EndProject
Project("{9A19103F-16F7-4668-BE54-9A1E7A4F7556}") = "webapi", "webapi\webapi.csproj", "{2B62322A-E6DA-454B-BE22-41250156485E}"
EndProject
Project("{FAE04EC0-301F-11D3-BF4B-00C04F79EFBC}") = "WeatherForecast", "WeatherForecast\WeatherForecast.csproj", "{31CDFC1E-81ED-4832-9913-42FDFD80F8CA}"
EndProject
Global
	GlobalSection(SolutionConfigurationPlatforms) = preSolution
		Debug|Any CPU = Debug|Any CPU
		Release|Any CPU = Release|Any CPU
	EndGlobalSection
	GlobalSection(ProjectConfigurationPlatforms) = postSolution
		{3D3B5280-B684-4987-A4D1-73D795CA5DF9}.Debug|Any CPU.ActiveCfg = Debug|Any CPU
		{3D3B5280-B684-4987-A4D1-73D795CA5DF9}.Debug|Any CPU.Build.0 = Debug|Any CPU
		{3D3B5280-B684-4987-A4D1-73D795CA5DF9}.Release|Any CPU.ActiveCfg = Release|Any CPU
		{3D3B5280-B684-4987-A4D1-73D795CA5DF9}.Release|Any CPU.Build.0 = Release|Any CPU
		{2B62322A-E6DA-454B-BE22-41250156485E}.Debug|Any CPU.ActiveCfg = Debug|Any CPU
		{2B62322A-E6DA-454B-BE22-41250156485E}.Debug|Any CPU.Build.0 = Debug|Any CPU
		{2B62322A-E6DA-454B-BE22-41250156485E}.Release|Any CPU.ActiveCfg = Release|Any CPU
		{2B62322A-E6DA-454B-BE22-41250156485E}.Release|Any CPU.Build.0 = Release|Any CPU
		{31CDFC1E-81ED-4832-9913-42FDFD80F8CA}.Debug|Any CPU.ActiveCfg = Debug|Any CPU
		{31CDFC1E-81ED-4832-9913-42FDFD80F8CA}.Debug|Any CPU.Build.0 = Debug|Any CPU
		{31CDFC1E-81ED-4832-9913-42FDFD80F8CA}.Release|Any CPU.ActiveCfg = Release|Any CPU
		{31CDFC1E-81ED-4832-9913-42FDFD80F8CA}.Release|Any CPU.Build.0 = Release|Any CPU
	EndGlobalSection
	GlobalSection(SolutionProperties) = preSolution
		HideSolutionNode = FALSE
	EndGlobalSection
	GlobalSection(NestedProjects) = preSolution
		{3D3B5280-B684-4987-A4D1-73D795CA5DF9} = {6F124852-D948-4623-9FE4-4E55D6F7D012}
	EndGlobalSection
	GlobalSection(ExtensibilityGlobals) = postSolution
		SolutionGuid = {EC2A37A5-B7C5-469C-8FBF-330548C6ADAC}
	EndGlobalSection
EndGlobal
